
Microsoft Visual Studio Solution File, Format Version 12.00
# Visual Studio Version 17
VisualStudioVersion = 17.1.32228.430
MinimumVisualStudioVersion = 10.0.40219.1
Project("{FAE04EC0-301F-11D3-BF4B-00C04F79EFBC}") = "AnalyzingAndProfilingTools", "AnalyzingAndProfilingTools\AnalyzingAndProfilingTools.csproj", "{13556791-E193-4A6F-B7FD-CBF4D31C13A3}"
EndProject
Global
	GlobalSection(SolutionConfigurationPlatforms) = preSolution
		Debug|Any CPU = Debug|Any CPU
		Release|Any CPU = Release|Any CPU
	EndGlobalSection
	GlobalSection(ProjectConfigurationPlatforms) = postSolution
		{13556791-E193-4A6F-B7FD-CBF4D31C13A3}.Debug|Any CPU.ActiveCfg = Debug|Any CPU
		{13556791-E193-4A6F-B7FD-CBF4D31C13A3}.Debug|Any CPU.Build.0 = Debug|Any CPU
		{13556791-E193-4A6F-B7FD-CBF4D31C13A3}.Release|Any CPU.ActiveCfg = Release|Any CPU
		{13556791-E193-4A6F-B7FD-CBF4D31C13A3}.Release|Any CPU.Build.0 = Release|Any CPU
	EndGlobalSection
	GlobalSection(SolutionProperties) = preSolution
		HideSolutionNode = FALSE
	EndGlobalSection
	GlobalSection(ExtensibilityGlobals) = postSolution
		SolutionGuid = {3426C95C-A559-4C76-9AF5-D997B2878AAF}
	EndGlobalSection
EndGlobal
